
Microsoft Visual Studio Solution File, Format Version 12.00
# Visual Studio Version 17
VisualStudioVersion = 17.5.002.0
MinimumVisualStudioVersion = 10.0.40219.1
Project("{9A19103F-16F7-4668-BE54-9A1E7A4F7556}") = "back", "back.csproj", "{BFEAF6B7-8843-454F-AEC6-54D35E28461C}"
EndProject
Global
	GlobalSection(SolutionConfigurationPlatforms) = preSolution
		Debug|Any CPU = Debug|Any CPU
		Release|Any CPU = Release|Any CPU
	EndGlobalSection
	GlobalSection(ProjectConfigurationPlatforms) = postSolution
		{BFEAF6B7-8843-454F-AEC6-54D35E28461C}.Debug|Any CPU.ActiveCfg = Debug|Any CPU
		{BFEAF6B7-8843-454F-AEC6-54D35E28461C}.Debug|Any CPU.Build.0 = Debug|Any CPU
		{BFEAF6B7-8843-454F-AEC6-54D35E28461C}.Release|Any CPU.ActiveCfg = Release|Any CPU
		{BFEAF6B7-8843-454F-AEC6-54D35E28461C}.Release|Any CPU.Build.0 = Release|Any CPU
	EndGlobalSection
	GlobalSection(SolutionProperties) = preSolution
		HideSolutionNode = FALSE
	EndGlobalSection
	GlobalSection(ExtensibilityGlobals) = postSolution
		SolutionGuid = {B4FD4C38-EFEB-4151-A92E-18EA43C8FABE}
	EndGlobalSection
EndGlobal
